
Microsoft Visual Studio Solution File, Format Version 11.00
# Visual Studio 2010
Project("{FAE04EC0-301F-11D3-BF4B-00C04F79EFBC}") = "AudioHash-Win", "AudioHash-Win.csproj", "{4AE72024-AC4C-425B-A3E3-6574C1195D6F}"
EndProject
Global
	GlobalSection(SolutionConfigurationPlatforms) = preSolution
		Debug|x86 = Debug|x86
		Release|x86 = Release|x86
	EndGlobalSection
	GlobalSection(ProjectConfigurationPlatforms) = postSolution
		{4AE72024-AC4C-425B-A3E3-6574C1195D6F}.Debug|x86.ActiveCfg = Debug|x86
		{4AE72024-AC4C-425B-A3E3-6574C1195D6F}.Debug|x86.Build.0 = Debug|x86
		{4AE72024-AC4C-425B-A3E3-6574C1195D6F}.Release|x86.ActiveCfg = Release|x86
		{4AE72024-AC4C-425B-A3E3-6574C1195D6F}.Release|x86.Build.0 = Release|x86
	EndGlobalSection
	GlobalSection(SolutionProperties) = preSolution
		HideSolutionNode = FALSE
	EndGlobalSection
EndGlobal
